
Microsoft Visual Studio Solution File, Format Version 12.00
# Visual Studio Version 17
VisualStudioVersion = 17.14.36414.22 d17.14
MinimumVisualStudioVersion = 10.0.40219.1
Project("{FAE04EC0-301F-11D3-BF4B-00C04F79EFBC}") = "FixNullSpam", "FixNullSpam\FixNullSpam.csproj", "{37AF7539-E4BE-4E68-B885-906CD22BC458}"
EndProject
Global
	GlobalSection(SolutionConfigurationPlatforms) = preSolution
		Debug|Any CPU = Debug|Any CPU
		Release|Any CPU = Release|Any CPU
	EndGlobalSection
	GlobalSection(ProjectConfigurationPlatforms) = postSolution
		{37AF7539-E4BE-4E68-B885-906CD22BC458}.Debug|Any CPU.ActiveCfg = Debug|Any CPU
		{37AF7539-E4BE-4E68-B885-906CD22BC458}.Debug|Any CPU.Build.0 = Debug|Any CPU
		{37AF7539-E4BE-4E68-B885-906CD22BC458}.Release|Any CPU.ActiveCfg = Release|Any CPU
		{37AF7539-E4BE-4E68-B885-906CD22BC458}.Release|Any CPU.Build.0 = Release|Any CPU
	EndGlobalSection
	GlobalSection(SolutionProperties) = preSolution
		HideSolutionNode = FALSE
	EndGlobalSection
	GlobalSection(ExtensibilityGlobals) = postSolution
		SolutionGuid = {8CF55063-2925-4F1C-8050-269B3EB196FE}
	EndGlobalSection
EndGlobal
